// !$*UTF8*$!
{
	archiveVersion = 1;
	classes = {
	};
	objectVersion = 46;
	objects = {

/* Begin PBXBuildFile section */
		4891D44C1EC3CA62008D3516 /* AppDelegate.swift in Sources */ = {isa = PBXBuildFile; fileRef = 4891D44B1EC3CA62008D3516 /* AppDelegate.swift */; };
		4891D44E1EC3CA62008D3516 /* ViewController.swift in Sources */ = {isa = PBXBuildFile; fileRef = 4891D44D1EC3CA62008D3516 /* ViewController.swift */; };
		4891D4511EC3CA62008D3516 /* Main.storyboard in Resources */ = {isa = PBXBuildFile; fileRef = 4891D44F1EC3CA62008D3516 /* Main.storyboard */; };
		4891D4531EC3CA62008D3516 /* Assets.xcassets in Resources */ = {isa = PBXBuildFile; fileRef = 4891D4521EC3CA62008D3516 /* Assets.xcassets */; };
		4891D4561EC3CA62008D3516 /* LaunchScreen.storyboard in Resources */ = {isa = PBXBuildFile; fileRef = 4891D4541EC3CA62008D3516 /* LaunchScreen.storyboard */; };
/* End PBXBuildFile section */

/* Begin PBXFileReference section */
		4891D4481EC3CA62008D3516 /* SidTwo.app */ = {isa = PBXFileReference; explicitFileType = wrapper.application; includeInIndex = 0; path = SidTwo.app; sourceTree = BUILT_PRODUCTS_DIR; };
		4891D44B1EC3CA62008D3516 /* AppDelegate.swift */ = {isa = PBXFileReference; lastKnownFileType = sourcecode.swift; path = AppDelegate.swift; sourceTree = "<group>"; };
		4891D44D1EC3CA62008D3516 /* ViewController.swift */ = {isa = PBXFileReference; lastKnownFileType = sourcecode.swift; path = ViewController.swift; sourceTree = "<group>"; };
		4891D4501EC3CA62008D3516 /* Base */ = {isa = PBXFileReference; lastKnownFileType = file.storyboard; name = Base; path = Base.lproj/Main.storyboard; sourceTree = "<group>"; };
		4891D4521EC3CA62008D3516 /* Assets.xcassets */ = {isa = PBXFileReference; lastKnownFileType = folder.assetcatalog; path = Assets.xcassets; sourceTree = "<group>"; };
		4891D4551EC3CA62008D3516 /* Base */ = {isa = PBXFileReference; lastKnownFileType = file.storyboard; name = Base; path = Base.lproj/LaunchScreen.storyboard; sourceTree = "<group>"; };
		4891D4571EC3CA62008D3516 /* Info.plist */ = {isa = PBXFileReference; lastKnownFileType = text.plist.xml; path = Info.plist; sourceTree = "<group>"; };
/* End PBXFileReference section */

/* Begin PBXFrameworksBuildPhase section */
		4891D4451EC3CA62008D3516 /* Frameworks */ = {
			isa = PBXFrameworksBuildPhase;
			buildActionMask = 2147483647;
			files = (
			);
			runOnlyForDeploymentPostprocessing = 0;
		};
/* End PBXFrameworksBuildPhase section */

/* Begin PBXGroup section */
		4891D43F1EC3CA62008D3516 = {
			isa = PBXGroup;
			children = (
				4891D44A1EC3CA62008D3516 /* SidTwo */,
				4891D4491EC3CA62008D3516 /* Products */,
			);
			sourceTree = "<group>";
		};
		4891D4491EC3CA62008D3516 /* Products */ = {
			isa = PBXGroup;
			children = (
				4891D4481EC3CA62008D3516 /* SidTwo.app */,
			);
			name = Products;
			sourceTree = "<group>";
		};
		4891D44A1EC3CA62008D3516 /* SidTwo */ = {
			isa = PBXGroup;
			children = (
				4891D44B1EC3CA62008D3516 /* AppDelegate.swift */,
				4891D44D1EC3CA62008D3516 /* ViewController.swift */,
				4891D44F1EC3CA62008D3516 /* Main.storyboard */,
				4891D4521EC3CA62008D3516 /* Assets.xcassets */,
				4891D4541EC3CA62008D3516 /* LaunchScreen.storyboard */,
				4891D4571EC3CA62008D3516 /* Info.plist */,
			);
			path = SidTwo;
			sourceTree = "<group>";
		};
/* End PBXGroup section */

/* Begin PBXNativeTarget section */
		4891D4471EC3CA62008D3516 /* SidTwo */ = {
			isa = PBXNativeTarget;
			buildConfigurationList = 4891D45A1EC3CA62008D3516 /* Build configuration list for PBXNativeTarget "SidTwo" */;
			buildPhases = (
				4891D4441EC3CA62008D3516 /* Sources */,
				4891D4451EC3CA62008D3516 /* Frameworks */,
				4891D4461EC3CA62008D3516 /* Resources */,
			);
			buildRules = (
			);
			dependencies = (
			);
			name = SidTwo;
			productName = SidTwo;
			productReference = 4891D4481EC3CA62008D3516 /* SidTwo.app */;
			productType = "com.apple.product-type.application";
		};
/* End PBXNativeTarget section */

/* Begin PBXProject section */
		4891D4401EC3CA62008D3516 /* Project object */ = {
			isa = PBXProject;
			attributes = {
				LastSwiftUpdateCheck = 0820;
				LastUpgradeCheck = 0820;
				ORGANIZATIONNAME = "Justin W Siddons";
				TargetAttributes = {
					4891D4471EC3CA62008D3516 = {
						CreatedOnToolsVersion = 8.2.1;
						ProvisioningStyle = Automatic;
					};
				};
			};
			buildConfigurationList = 4891D4431EC3CA62008D3516 /* Build configuration list for PBXProject "SidTwo" */;
			compatibilityVersion = "Xcode 3.2";
			developmentRegion = English;
			hasScannedForEncodings = 0;
			knownRegions = (
				en,
				Base,
			);
			mainGroup = 4891D43F1EC3CA62008D3516;
			productRefGroup = 4891D4491EC3CA62008D3516 /* Products */;
			projectDirPath = "";
			projectRoot = "";
			targets = (
				4891D4471EC3CA62008D3516 /* SidTwo */,
			);
		};
/* End PBXProject section */

/* Begin PBXResourcesBuildPhase section */
		4891D4461EC3CA62008D3516 /* Resources */ = {
			isa = PBXResourcesBuildPhase;
			buildActionMask = 2147483647;
			files = (
				4891D4561EC3CA62008D3516 /* LaunchScreen.storyboard in Resources */,
				4891D4531EC3CA62008D3516 /* Assets.xcassets in Resources */,
				4891D4511EC3CA62008D3516 /* Main.storyboard in Resources */,
			);
			runOnlyForDeploymentPostprocessing = 0;
		};
/* End PBXResourcesBuildPhase section */

/* Begin PBXSourcesBuildPhase section */
		4891D4441EC3CA62008D3516 /* Sources */ = {
			isa = PBXSourcesBuildPhase;
			buildActionMask = 2147483647;
			files = (
				4891D44E1EC3CA62008D3516 /* ViewController.swift in Sources */,
				4891D44C1EC3CA62008D3516 /* AppDelegate.swift in Sources */,
			);
			runOnlyForDeploymentPostprocessing = 0;
		};
/* End PBXSourcesBuildPhase section */

/* Begin PBXVariantGroup section */
		4891D44F1EC3CA62008D3516 /* Main.storyboard */ = {
			isa = PBXVariantGroup;
			children = (
				4891D4501EC3CA62008D3516 /* Base */,
			);
			name = Main.storyboard;
			sourceTree = "<group>";
		};
		4891D4541EC3CA62008D3516 /* LaunchScreen.storyboard */ = {
			isa = PBXVariantGroup;
			children = (
				4891D4551EC3CA62008D3516 /* Base */,
			);
			name = LaunchScreen.storyboard;
			sourceTree = "<group>";
		};
/* End PBXVariantGroup section */

/* Begin XCBuildConfiguration section */
		4891D4581EC3CA62008D3516 /* Debug */ = {
			isa = XCBuildConfiguration;
			buildSettings = {
				ALWAYS_SEARCH_USER_PATHS = NO;
				CLANG_ANALYZER_NONNULL = YES;
				CLANG_CXX_LANGUAGE_STANDARD = "gnu++0x";
				CLANG_CXX_LIBRARY = "libc++";
				CLANG_ENABLE_MODULES = YES;
				CLANG_ENABLE_OBJC_ARC = YES;
				CLANG_WARN_BOOL_CONVERSION = YES;
				CLANG_WARN_CONSTANT_CONVERSION = YES;
				CLANG_WARN_DIRECT_OBJC_ISA_USAGE = YES_ERROR;
				CLANG_WARN_DOCUMENTATION_COMMENTS = YES;
				CLANG_WARN_EMPTY_BODY = YES;
				CLANG_WARN_ENUM_CONVERSION = YES;
				CLANG_WARN_INFINITE_RECURSION = YES;
				CLANG_WARN_INT_CONVERSION = YES;
				CLANG_WARN_OBJC_ROOT_CLASS = YES_ERROR;
				CLANG_WARN_SUSPICIOUS_MOVE = YES;
				CLANG_WARN_UNREACHABLE_CODE = YES;
				CLANG_WARN__DUPLICATE_METHOD_MATCH = YES;
				"CODE_SIGN_IDENTITY[sdk=iphoneos*]" = "iPhone Developer";
				COPY_PHASE_STRIP = NO;
				DEBUG_INFORMATION_FORMAT = dwarf;
				ENABLE_STRICT_OBJC_MSGSEND = YES;
				ENABLE_TESTABILITY = YES;
				GCC_C_LANGUAGE_STANDARD = gnu99;
				GCC_DYNAMIC_NO_PIC = NO;
				GCC_NO_COMMON_BLOCKS = YES;
				GCC_OPTIMIZATION_LEVEL = 0;
				GCC_PREPROCESSOR_DEFINITIONS = (
					"DEBUG=1",
					"$(inherited)",
				);
				GCC_WARN_64_TO_32_BIT_CONVERSION = YES;
				GCC_WARN_ABOUT_RETURN_TYPE = YES_ERROR;
				GCC_WARN_UNDECLARED_SELECTOR = YES;
				GCC_WARN_UNINITIALIZED_AUTOS = YES_AGGRESSIVE;
				GCC_WARN_UNUSED_FUNCTION = YES;
				GCC_WARN_UNUSED_VARIABLE = YES;
				IPHONEOS_DEPLOYMENT_TARGET = 10.2;
				MTL_ENABLE_DEBUG_INFO = YES;
				ONLY_ACTIVE_ARCH = YES;
				SDKROOT = iphoneos;
				SWIFT_ACTIVE_COMPILATION_CONDITIONS = DEBUG;
				SWIFT_OPTIMIZATION_LEVEL = "-Onone";
				TARGETED_DEVICE_FAMILY = "1,2";
			};
			name = Debug;
		};
		4891D4591EC3CA62008D3516 /* Release */ = {
			isa = XCBuildConfiguration;
			buildSettings = {
				ALWAYS_SEARCH_USER_PATHS = NO;
				CLANG_ANALYZER_NONNULL = YES;
				CLANG_CXX_LANGUAGE_STANDARD = "gnu++0x";
				CLANG_CXX_LIBRARY = "libc++";
				CLANG_ENABLE_MODULES = YES;
				CLANG_ENABLE_OBJC_ARC = YES;
				CLANG_WARN_BOOL_CONVERSION = YES;
				CLANG_WARN_CONSTANT_CONVERSION = YES;
				CLANG_WARN_DIRECT_OBJC_ISA_USAGE = YES_ERROR;
				CLANG_WARN_DOCUMENTATION_COMMENTS = YES;
				CLANG_WARN_EMPTY_BODY = YES;
				CLANG_WARN_ENUM_CONVERSION = YES;
				CLANG_WARN_INFINITE_RECURSION = YES;
				CLANG_WARN_INT_CONVERSION = YES;
				CLANG_WARN_OBJC_ROOT_CLASS = YES_ERROR;
				CLANG_WARN_SUSPICIOUS_MOVE = YES;
				CLANG_WARN_UNREACHABLE_CODE = YES;
				CLANG_WARN__DUPLICATE_METHOD_MATCH = YES;
				"CODE_SIGN_IDENTITY[sdk=iphoneos*]" = "iPhone Developer";
				COPY_PHASE_STRIP = NO;
				DEBUG_INFORMATION_FORMAT = "dwarf-with-dsym";
				ENABLE_NS_ASSERTIONS = NO;
				ENABLE_STRICT_OBJC_MSGSEND = YES;
				GCC_C_LANGUAGE_STANDARD = gnu99;
				GCC_NO_COMMON_BLOCKS = YES;
				GCC_WARN_64_TO_32_BIT_CONVERSION = YES;
				GCC_WARN_ABOUT_RETURN_TYPE = YES_ERROR;
				GCC_WARN_UNDECLARED_SELECTOR = YES;
				GCC_WARN_UNINITIALIZED_AUTOS = YES_AGGRESSIVE;
				GCC_WARN_UNUSED_FUNCTION = YES;
				GCC_WARN_UNUSED_VARIABLE = YES;
				IPHONEOS_DEPLOYMENT_TARGET = 10.2;
				MTL_ENABLE_DEBUG_INFO = NO;
				SDKROOT = iphoneos;
				SWIFT_OPTIMIZATION_LEVEL = "-Owholemodule";
				TARGETED_DEVICE_FAMILY = "1,2";
				VALIDATE_PRODUCT = YES;
			};
			name = Release;
		};
		4891D45B1EC3CA62008D3516 /* Debug */ = {
			isa = XCBuildConfiguration;
			buildSettings = {
				ASSETCATALOG_COMPILER_APPICON_NAME = AppIcon;
				INFOPLIST_FILE = SidTwo/Info.plist;
				LD_RUNPATH_SEARCH_PATHS = "$(inherited) @executable_path/Frameworks";
				PRODUCT_BUNDLE_IDENTIFIER = com.justinsiddons.SidTwo;
				PRODUCT_NAME = "$(TARGET_NAME)";
				SWIFT_VERSION = 3.0;
			};
			name = Debug;
		};
		4891D45C1EC3CA62008D3516 /* Release */ = {
			isa = XCBuildConfiguration;
			buildSettings = {
				ASSETCATALOG_COMPILER_APPICON_NAME = AppIcon;
				INFOPLIST_FILE = SidTwo/Info.plist;
				LD_RUNPATH_SEARCH_PATHS = "$(inherited) @executable_path/Frameworks";
				PRODUCT_BUNDLE_IDENTIFIER = com.justinsiddons.SidTwo;
				PRODUCT_NAME = "$(TARGET_NAME)";
				SWIFT_VERSION = 3.0;
			};
			name = Release;
		};
/* End XCBuildConfiguration section */

/* Begin XCConfigurationList section */
		4891D4431EC3CA62008D3516 /* Build configuration list for PBXProject "SidTwo" */ = {
			isa = XCConfigurationList;
			buildConfigurations = (
				4891D4581EC3CA62008D3516 /* Debug */,
				4891D4591EC3CA62008D3516 /* Release */,
			);
			defaultConfigurationIsVisible = 0;
			defaultConfigurationName = Release;
		};
		4891D45A1EC3CA62008D3516 /* Build configuration list for PBXNativeTarget "SidTwo" */ = {
			isa = XCConfigurationList;
			buildConfigurations = (
				4891D45B1EC3CA62008D3516 /* Debug */,
				4891D45C1EC3CA62008D3516 /* Release */,
			);
			defaultConfigurationIsVisible = 0;
		};
/* End XCConfigurationList section */
	};
	rootObject = 4891D4401EC3CA62008D3516 /* Project object */;
}
